
Microsoft Visual Studio Solution File, Format Version 12.00
# Visual Studio 15
VisualStudioVersion = 15.0.28307.757
MinimumVisualStudioVersion = 10.0.40219.1
Project("{FAE04EC0-301F-11D3-BF4B-00C04F79EFBC}") = "HMS", "HMS\HMS.csproj", "{2281FE2B-7FE1-4037-84AE-97FF001F2A7A}"
EndProject
Project("{FAE04EC0-301F-11D3-BF4B-00C04F79EFBC}") = "HMS.Entities", "HMS.Entities\HMS.Entities.csproj", "{1F92372C-C5BD-4EF0-91D0-A7F9BB6AD27E}"
EndProject
Project("{FAE04EC0-301F-11D3-BF4B-00C04F79EFBC}") = "HMS.Data", "HMS.Data\HMS.Data.csproj", "{FBDD0898-C8E3-4C68-AC78-08D4BE671636}"
EndProject
Global
	GlobalSection(SolutionConfigurationPlatforms) = preSolution
		Debug|Any CPU = Debug|Any CPU
		Release|Any CPU = Release|Any CPU
	EndGlobalSection
	GlobalSection(ProjectConfigurationPlatforms) = postSolution
		{2281FE2B-7FE1-4037-84AE-97FF001F2A7A}.Debug|Any CPU.ActiveCfg = Debug|Any CPU
		{2281FE2B-7FE1-4037-84AE-97FF001F2A7A}.Debug|Any CPU.Build.0 = Debug|Any CPU
		{2281FE2B-7FE1-4037-84AE-97FF001F2A7A}.Release|Any CPU.ActiveCfg = Release|Any CPU
		{2281FE2B-7FE1-4037-84AE-97FF001F2A7A}.Release|Any CPU.Build.0 = Release|Any CPU
		{1F92372C-C5BD-4EF0-91D0-A7F9BB6AD27E}.Debug|Any CPU.ActiveCfg = Debug|Any CPU
		{1F92372C-C5BD-4EF0-91D0-A7F9BB6AD27E}.Debug|Any CPU.Build.0 = Debug|Any CPU
		{1F92372C-C5BD-4EF0-91D0-A7F9BB6AD27E}.Release|Any CPU.ActiveCfg = Release|Any CPU
		{1F92372C-C5BD-4EF0-91D0-A7F9BB6AD27E}.Release|Any CPU.Build.0 = Release|Any CPU
		{FBDD0898-C8E3-4C68-AC78-08D4BE671636}.Debug|Any CPU.ActiveCfg = Debug|Any CPU
		{FBDD0898-C8E3-4C68-AC78-08D4BE671636}.Debug|Any CPU.Build.0 = Debug|Any CPU
		{FBDD0898-C8E3-4C68-AC78-08D4BE671636}.Release|Any CPU.ActiveCfg = Release|Any CPU
		{FBDD0898-C8E3-4C68-AC78-08D4BE671636}.Release|Any CPU.Build.0 = Release|Any CPU
	EndGlobalSection
	GlobalSection(SolutionProperties) = preSolution
		HideSolutionNode = FALSE
	EndGlobalSection
	GlobalSection(ExtensibilityGlobals) = postSolution
		SolutionGuid = {E9BF770F-E39D-4BA7-B591-7523A63F14AB}
	EndGlobalSection
EndGlobal
